
Microsoft Visual Studio Solution File, Format Version 12.00
Project("{FAE04EC0-301F-11D3-BF4B-00C04F79EFBC}") = "ping pong", "ping pong\ping pong.csproj", "{52FED1E5-F43C-4566-8988-E4A059636E86}"
EndProject
Project("{FAE04EC0-301F-11D3-BF4B-00C04F79EFBC}") = "bank", "bank\bank.csproj", "{5C47CCFE-D3C6-4746-86AA-944F99DBD8EB}"
EndProject
Global
	GlobalSection(SolutionConfigurationPlatforms) = preSolution
		Debug|Any CPU = Debug|Any CPU
		Release|Any CPU = Release|Any CPU
	EndGlobalSection
	GlobalSection(ProjectConfigurationPlatforms) = postSolution
		{52FED1E5-F43C-4566-8988-E4A059636E86}.Debug|Any CPU.ActiveCfg = Debug|Any CPU
		{52FED1E5-F43C-4566-8988-E4A059636E86}.Debug|Any CPU.Build.0 = Debug|Any CPU
		{52FED1E5-F43C-4566-8988-E4A059636E86}.Release|Any CPU.ActiveCfg = Release|Any CPU
		{52FED1E5-F43C-4566-8988-E4A059636E86}.Release|Any CPU.Build.0 = Release|Any CPU
		{5C47CCFE-D3C6-4746-86AA-944F99DBD8EB}.Debug|Any CPU.ActiveCfg = Debug|Any CPU
		{5C47CCFE-D3C6-4746-86AA-944F99DBD8EB}.Debug|Any CPU.Build.0 = Debug|Any CPU
		{5C47CCFE-D3C6-4746-86AA-944F99DBD8EB}.Release|Any CPU.ActiveCfg = Release|Any CPU
		{5C47CCFE-D3C6-4746-86AA-944F99DBD8EB}.Release|Any CPU.Build.0 = Release|Any CPU
	EndGlobalSection
EndGlobal
